{
  "name": "@kiigame/adventure_engine",
  "version": "0.3.0",
  "lockfileVersion": 1,
  "requires": true,
  "dependencies": {
    "konva": {
      "version": "3.4.1",
      "resolved": "https://registry.npmjs.org/konva/-/konva-3.4.1.tgz",
      "integrity": "sha512-Lra+Sb9dFwsCtkWoFvtcmVFbzAZCqSS/we3iTxDogBl3DTTjieY0e/1crqvs/EZCNR5uV2Kfvkn7t2547cD1SQ=="
    }
  }
}
